{
  "name": "KASIDATE.ME",
  "lockfileVersion": 2,
  "requires": true,
  "packages": {
    "": {
      "dependencies": {
        "animo-animate": "^1.0.8"
      }
    },
    "node_modules/animo-animate": {
      "version": "1.0.8",
      "resolved": "https://registry.npmjs.org/animo-animate/-/animo-animate-1.0.8.tgz",
      "integrity": "sha1-CSRF5coE5zXoQk88Mrek/i0HjwQ="
    }
  },
  "dependencies": {
    "animo-animate": {
      "version": "1.0.8",
      "resolved": "https://registry.npmjs.org/animo-animate/-/animo-animate-1.0.8.tgz",
      "integrity": "sha1-CSRF5coE5zXoQk88Mrek/i0HjwQ="
    }
  }
}
